{"filter":false,"title":"Gemfile.lock","tooltip":"/Gemfile.lock","undoManager":{"mark":-1,"position":-1,"stack":[]},"ace":{"folds":[],"scrolltop":2151.6000924110413,"scrollleft":0,"selection":{"start":{"row":13,"column":26},"end":{"row":13,"column":26},"isBackwards":false},"options":{"guessTabSize":true,"useWrapMode":false,"wrapToView":true},"firstLineState":{"row":148,"state":"start","mode":"ace/mode/text"}},"timestamp":1501349602363,"hash":"40953bb553239a8520e1762220c908f35883b31d"}